{
    "_meta": {
        "hash": {
            "sha256": "51be088ee4537ac61604ae404945ffb9891e71f61ba3dc8302cabf848e531762"
        },
        "pipfile-spec": 6,
        "requires": {
            "python_version": "2.7"
        },
        "sources": [
            {
                "name": "pypi",
                "url": "https://pypi.org/simple",
                "verify_ssl": true
            }
        ]
    },
    "default": {
        "asn1crypto": {
            "hashes": [
                "sha256:2f1adbb7546ed199e3c90ef23ec95c5cf3585bac7d11fb7eb562a3fe89c64e87",
                "sha256:9d5c20441baf0cb60a4ac34cc447c6c189024b6b4c6cd7877034f4965c464e49"
            ],
            "version": "==0.24.0"
        },
        "astroid": {
            "hashes": [
                "sha256:87de48a92e29cedf7210ffa853d11441e7ad94cb47bacd91b023499b51cbc756",
                "sha256:d25869fc7f44f1d9fb7d24fd7ea0639656f5355fc3089cd1f3d18c6ec6b124c7"
            ],
            "version": "==1.6.6"
        },
        "atomicwrites": {
            "hashes": [
                "sha256:240831ea22da9ab882b551b31d4225591e5e447a68c5e188db5b89ca1d487585",
                "sha256:a24da68318b08ac9c9c45029f4a10371ab5b20e4226738e150e6e7c571630ae6"
            ],
            "index": "pypi",
            "version": "==1.1.5"
        },
        "attrs": {
            "hashes": [
                "sha256:69c0dbf2ed392de1cb5ec704444b08a5ef81680a61cb899dc08127123af36a79",
                "sha256:f0b870f674851ecbfbbbd364d6b5cbdff9dcedbc7f3f5e18a6891057f21fe399"
            ],
            "version": "==19.1.0"
        },
        "backports.functools-lru-cache": {
            "hashes": [
                "sha256:9d98697f088eb1b0fa451391f91afb5e3ebde16bbdb272819fd091151fda4f1a",
                "sha256:f0b0e4eba956de51238e17573b7087e852dfe9854afd2e9c873f73fc0ca0a6dd"
            ],
            "markers": "python_version == '2.7'",
            "version": "==1.5"
        },
        "certifi": {
            "hashes": [
                "sha256:59b7658e26ca9c7339e00f8f4636cdfe59d34fa37b9b04f6f9e9926b3cece1a5",
                "sha256:b26104d6835d1f5e49452a26eb2ff87fe7090b89dfcaee5ea2212697e1e1d7ae"
            ],
            "version": "==2019.3.9"
        },
        "cffi": {
            "hashes": [
                "sha256:151b7eefd035c56b2b2e1eb9963c90c6302dc15fbd8c1c0a83a163ff2c7d7743",
                "sha256:1553d1e99f035ace1c0544050622b7bc963374a00c467edafac50ad7bd276aef",
                "sha256:1b0493c091a1898f1136e3f4f991a784437fac3673780ff9de3bcf46c80b6b50",
                "sha256:2ba8a45822b7aee805ab49abfe7eec16b90587f7f26df20c71dd89e45a97076f",
                "sha256:3bb6bd7266598f318063e584378b8e27c67de998a43362e8fce664c54ee52d30",
                "sha256:3c85641778460581c42924384f5e68076d724ceac0f267d66c757f7535069c93",
                "sha256:3eb6434197633b7748cea30bf0ba9f66727cdce45117a712b29a443943733257",
                "sha256:495c5c2d43bf6cebe0178eb3e88f9c4aa48d8934aa6e3cddb865c058da76756b",
                "sha256:4c91af6e967c2015729d3e69c2e51d92f9898c330d6a851bf8f121236f3defd3",
                "sha256:57b2533356cb2d8fac1555815929f7f5f14d68ac77b085d2326b571310f34f6e",
                "sha256:770f3782b31f50b68627e22f91cb182c48c47c02eb405fd689472aa7b7aa16dc",
                "sha256:79f9b6f7c46ae1f8ded75f68cf8ad50e5729ed4d590c74840471fc2823457d04",
                "sha256:7a33145e04d44ce95bcd71e522b478d282ad0eafaf34fe1ec5bbd73e662f22b6",
                "sha256:857959354ae3a6fa3da6651b966d13b0a8bed6bbc87a0de7b38a549db1d2a359",
                "sha256:87f37fe5130574ff76c17cab61e7d2538a16f843bb7bca8ebbc4b12de3078596",
                "sha256:95d5251e4b5ca00061f9d9f3d6fe537247e145a8524ae9fd30a2f8fbce993b5b",
                "sha256:9d1d3e63a4afdc29bd76ce6aa9d58c771cd1599fbba8cf5057e7860b203710dd",
                "sha256:a36c5c154f9d42ec176e6e620cb0dd275744aa1d804786a71ac37dc3661a5e95",
                "sha256:a6a5cb8809091ec9ac03edde9304b3ad82ad4466333432b16d78ef40e0cce0d5",
                "sha256:ae5e35a2c189d397b91034642cb0eab0e346f776ec2eb44a49a459e6615d6e2e",
                "sha256:b0f7d4a3df8f06cf49f9f121bead236e328074de6449866515cea4907bbc63d6",
                "sha256:b75110fb114fa366b29a027d0c9be3709579602ae111ff61674d28c93606acca",
                "sha256:ba5e697569f84b13640c9e193170e89c13c6244c24400fc57e88724ef610cd31",
                "sha256:be2a9b390f77fd7676d80bc3cdc4f8edb940d8c198ed2d8c0be1319018c778e1",
                "sha256:ca1bd81f40adc59011f58159e4aa6445fc585a32bb8ac9badf7a2c1aa23822f2",
                "sha256:d5d8555d9bfc3f02385c1c37e9f998e2011f0db4f90e250e5bc0c0a85a813085",
                "sha256:e55e22ac0a30023426564b1059b035973ec82186ddddbac867078435801c7801",
                "sha256:e90f17980e6ab0f3c2f3730e56d1fe9bcba1891eeea58966e89d352492cc74f4",
                "sha256:ecbb7b01409e9b782df5ded849c178a0aa7c906cf8c5a67368047daab282b184",
                "sha256:ed01918d545a38998bfa5902c7c00e0fee90e957ce036a4000a88e3fe2264917",
                "sha256:edabd457cd23a02965166026fd9bfd196f4324fe6032e866d0f3bd0301cd486f",
                "sha256:fdf1c1dc5bafc32bc5d08b054f94d659422b05aba244d6be4ddc1c72d9aa70fb"
            ],
            "index": "pypi",
            "version": "==1.11.5"
        },
        "chardet": {
            "hashes": [
                "sha256:84ab92ed1c4d4f16916e05906b6b75a6c0fb5db821cc65e70cbd64a3e2a5eaae",
                "sha256:fc323ffcaeaed0e0a02bf4d117757b98aed530d9ed4531e3e15460124c106691"
            ],
            "index": "pypi",
            "version": "==3.0.4"
        },
        "click": {
            "hashes": [
                "sha256:2335065e6395b9e67ca716de5f7526736bfa6ceead690adf616d925bdc622b13",
                "sha256:5b94b49521f6456670fdb30cd82a4eca9412788a93fa6dd6df72c94d5a8ff2d7"
            ],
            "version": "==7.0"
        },
        "configparser": {
            "hashes": [
                "sha256:8be81d89d6e7b4c0d4e44bcc525845f6da25821de80cb5e06e7e0238a2899e32",
                "sha256:da60d0014fd8c55eb48c1c5354352e363e2d30bbf7057e5e171a468390184c75"
            ],
            "markers": "python_version == '2.7'",
            "version": "==3.7.4"
        },
        "contextlib2": {
            "hashes": [
                "sha256:399f659f2a8b5d5d529f132e1136fc404fbbc28e34e4618c5c92bd595be9b162",
                "sha256:710626cde569f51a87f216ff757fe60f5cd13ae8f8114706590510cd5649ce88"
            ],
            "index": "pypi",
            "version": "==0.5.4"
        },
        "crcmod": {
            "hashes": [
                "sha256:dc7051a0db5f2bd48665a990d3ec1cc305a466a77358ca4492826f41f283601e"
            ],
            "index": "pypi",
            "version": "==1.7"
        },
        "cryptography": {
            "hashes": [
                "sha256:24b61e5fcb506424d3ec4e18bca995833839bf13c59fc43e530e488f28d46b8c",
                "sha256:25dd1581a183e9e7a806fe0543f485103232f940fcfc301db65e630512cce643",
                "sha256:3452bba7c21c69f2df772762be0066c7ed5dc65df494a1d53a58b683a83e1216",
                "sha256:41a0be220dd1ed9e998f5891948306eb8c812b512dc398e5a01846d855050799",
                "sha256:5751d8a11b956fbfa314f6553d186b94aa70fdb03d8a4d4f1c82dcacf0cbe28a",
                "sha256:5f61c7d749048fa6e3322258b4263463bfccefecb0dd731b6561cb617a1d9bb9",
                "sha256:72e24c521fa2106f19623a3851e9f89ddfdeb9ac63871c7643790f872a305dfc",
                "sha256:7b97ae6ef5cba2e3bb14256625423413d5ce8d1abb91d4f29b6d1a081da765f8",
                "sha256:961e886d8a3590fd2c723cf07be14e2a91cf53c25f02435c04d39e90780e3b53",
                "sha256:96d8473848e984184b6728e2c9d391482008646276c3ff084a1bd89e15ff53a1",
                "sha256:ae536da50c7ad1e002c3eee101871d93abdc90d9c5f651818450a0d3af718609",
                "sha256:b0db0cecf396033abb4a93c95d1602f268b3a68bb0a9cc06a7cff587bb9a7292",
                "sha256:cfee9164954c186b191b91d4193989ca994703b2fff406f71cf454a2d3c7327e",
                "sha256:e6347742ac8f35ded4a46ff835c60e68c22a536a8ae5c4422966d06946b6d4c6",
                "sha256:f27d93f0139a3c056172ebb5d4f9056e770fdf0206c2f422ff2ebbad142e09ed",
                "sha256:f57b76e46a58b63d1c6375017f4564a28f19a5ca912691fd2e4261b3414b618d"
            ],
            "version": "==2.7"
        },
        "cycler": {
            "hashes": [
                "sha256:1d8a5ae1ff6c5cf9b93e8811e581232ad8920aeec647c37316ceac982b08cb2d",
                "sha256:cd7b2d1018258d7247a71425e9f26463dfb444d411c39569972f4ce586b0c9d8"
            ],
            "index": "pypi",
            "version": "==0.10.0"
        },
        "cython": {
            "hashes": [
                "sha256:251bb50e36044ad26ff45960a60cb75868757fd46900eaf00129a4af3a0d5fcc",
                "sha256:264a68823751fe2a18d0b14dd44b614aecd508bd01453902921c23fd5be13d4c",
                "sha256:26e24164d59e92280fa759a8a361c68490763ec230307e21990020bdeb87de50",
                "sha256:28c938bc970d2b5fe296460cf6ed19d0328776a6295f68a79057060e60bfc82f",
                "sha256:38a9e5afc5e096f26bfe5c4b458541e455032028cb5356a734ba235868b19823",
                "sha256:3914ae1268334208e33b952e9f447e0d9f43decd562f939d7d07e8589d0473ba",
                "sha256:4c958bd9e50fcd316830561f0725b3ccf893de328566c960b7bb38424d3b983d",
                "sha256:56a9f99b42ad6ad1fdb7705c16aa69b2e1a4ac34f760286a6de64c5719499da7",
                "sha256:5e0006c3a2849b7a36d2cb23bcf14753b6ffc3eafac48fa29fafad942cfa4627",
                "sha256:6a00512de1f2e3ce66ba35c5420babaef1fe2d9c43a8faab4080b0dbcc26bc64",
                "sha256:7bc07c32703e4e63f2f60c729b0ae99acbccbfd3ae4c64a322a75482d915d4af",
                "sha256:7fbd49b1bd5240feb69ec4c67f4c76fc9dfdfc472d642833668ecaad0e14673d",
                "sha256:82bbbeadbc579b6f2a7365db2d3ea21043699e424cfcca434b3baa11309260ae",
                "sha256:83237d27b6dec0f6b76406de5be1cf249cffb4377079acc3f3dfa72de1e307cf",
                "sha256:8a4733edf3ca1c7dd9c7e1289dd5974657f1147642ef8ded1e57a1266922e32a",
                "sha256:8afdc3751c6269ef46879ca6ff32a1362f298c77f2cf0723c66ae65c35be5db0",
                "sha256:9f8bbd876c4d68cb12b9de9dc6734c17ca295e4759e684417fd7f3dd96d3ed2c",
                "sha256:a51c3a1c948664874f91636ba6169bca4dc68f5fac7b980fcb9c769a8d1f9ebc",
                "sha256:aba08b4db9163c52a1106efa8b19c5a4e519e5f45644551bb1358ec189a14505",
                "sha256:abfb2426266d806a7d794a8ecbd0fbb385b48bddf2db6ac9a2e95d48e2c603bd",
                "sha256:b9bc1d7e681c5a7560280a5aa8000f736eb0e47efacb7b6206275ed004595a92",
                "sha256:ca81d4b6f511f1e0d2a1c76ad5b3a4a3a0edf683f27600d4a86da55cb134372a",
                "sha256:cefa9356770d71176c87ab60f6fdb186ec9cbc6399a6c2de1017852505d44963",
                "sha256:d17a6a689bb3e6c0f280620dfddb1b91ffb8fcdae3b8707bdf6285df4100d011",
                "sha256:d8e40814fefc300bc64251f5d6bd8988e49442d7ded0e5702b5366323a035afc",
                "sha256:e30fd7a32cbe7fe6c186deefef03670bf75d76ead23418f8c91519899be5518e",
                "sha256:e86984b90a0176bafb5890f1f14a2962317eee9e95e0a917e6b06a5b0c764e25",
                "sha256:f01e79f4123205d0f99b97199b53345cb6378974e738792c620957c6223fded9",
                "sha256:f441347d0d07b4cb9ca36bda70c3aa98a7484a262b8f44d0f82b70dbb5e11b47",
                "sha256:fb5b8978b937677a32b5aecc72231560d29243622a298a5c31183b156f9f42e3"
            ],
            "index": "pypi",
            "version": "==0.27.3"
        },
        "enum34": {
            "hashes": [
                "sha256:2d81cbbe0e73112bdfe6ef8576f2238f2ba27dd0d55752a776c41d38b7da2850",
                "sha256:644837f692e5f550741432dd3f223bbb9852018674981b1664e5dc339387588a",
                "sha256:6bd0f6ad48ec2aa117d3d141940d484deccda84d4fcd884f5c3d93c23ecd8c79",
                "sha256:8ad8c4783bf61ded74527bffb48ed9b54166685e4230386a9ed9b1279e2df5b1"
            ],
            "markers": "python_version < '3'",
            "version": "==1.1.6"
        },
        "flask": {
            "hashes": [
                "sha256:2271c0070dbcb5275fad4a82e29f23ab92682dc45f9dfbc22c02ba9b9322ce48",
                "sha256:a080b744b7e345ccfcbc77954861cb05b3c63786e93f2b3875e0913d44b43f05"
            ],
            "index": "pypi",
            "version": "==1.0.2"
        },
        "futures": {
            "hashes": [
                "sha256:9ec02aa7d674acb8618afb127e27fde7fc68994c0437ad759fa094a574adb265",
                "sha256:ec0a6cb848cc212002b9828c3e34c675e0c9ff6741dc445cab6fdd4e1085d1f1"
            ],
            "markers": "python_version < '3.2'",
            "version": "==3.2.0"
        },
        "hexdump": {
            "hashes": [
                "sha256:d781a43b0c16ace3f9366aade73e8ad3a7bd5137d58f0b45ab2d3f54876f20db"
            ],
            "index": "pypi",
            "version": "==3.3"
        },
        "idna": {
            "hashes": [
                "sha256:c357b3f628cf53ae2c4c05627ecc484553142ca23264e593d327bcde5e9c3407",
                "sha256:ea8b7f6188e6fa117537c3df7da9fc686d485087abf6ac197f9c46432f7e4a3c"
            ],
            "index": "pypi",
            "version": "==2.8"
        },
        "ipaddress": {
            "hashes": [
                "sha256:64b28eec5e78e7510698f6d4da08800a5c575caa4a286c93d651c5d3ff7b6794",
                "sha256:b146c751ea45cad6188dd6cf2d9b757f6f4f8d6ffb96a023e6f2e26eea02a72c"
            ],
            "markers": "python_version < '3'",
            "version": "==1.0.22"
        },
        "isort": {
            "hashes": [
                "sha256:c40744b6bc5162bbb39c1257fe298b7a393861d50978b565f3ccd9cb9de0182a",
                "sha256:f57abacd059dc3bd666258d1efb0377510a89777fda3e3274e3c01f7c03ae22d"
            ],
            "version": "==4.3.20"
        },
        "itsdangerous": {
            "hashes": [
                "sha256:321b033d07f2a4136d3ec762eac9f16a10ccd60f53c0c91af90217ace7ba1f19",
                "sha256:b12271b2047cb23eeb98c8b5622e2e5c5e9abd9784a153e9d8ef9cb4dd09d749"
            ],
            "version": "==1.1.0"
        },
        "jinja2": {
            "hashes": [
                "sha256:065c4f02ebe7f7cf559e49ee5a95fb800a9e4528727aec6f24402a5374c65013",
                "sha256:14dd6caf1527abb21f08f86c784eac40853ba93edb79552aa1e4b8aef1b61c7b"
            ],
            "version": "==2.10.1"
        },
        "lazy-object-proxy": {
            "hashes": [
                "sha256:159a745e61422217881c4de71f9eafd9d703b93af95618635849fe469a283661",
                "sha256:23f63c0821cc96a23332e45dfaa83266feff8adc72b9bcaef86c202af765244f",
                "sha256:3b11be575475db2e8a6e11215f5aa95b9ec14de658628776e10d96fa0b4dac13",
                "sha256:3f447aff8bc61ca8b42b73304f6a44fa0d915487de144652816f950a3f1ab821",
                "sha256:4ba73f6089cd9b9478bc0a4fa807b47dbdb8fad1d8f31a0f0a5dbf26a4527a71",
                "sha256:4f53eadd9932055eac465bd3ca1bd610e4d7141e1278012bd1f28646aebc1d0e",
                "sha256:64483bd7154580158ea90de5b8e5e6fc29a16a9b4db24f10193f0c1ae3f9d1ea",
                "sha256:6f72d42b0d04bfee2397aa1862262654b56922c20a9bb66bb76b6f0e5e4f9229",
                "sha256:7c7f1ec07b227bdc561299fa2328e85000f90179a2f44ea30579d38e037cb3d4",
                "sha256:7c8b1ba1e15c10b13cad4171cfa77f5bb5ec2580abc5a353907780805ebe158e",
                "sha256:8559b94b823f85342e10d3d9ca4ba5478168e1ac5658a8a2f18c991ba9c52c20",
                "sha256:a262c7dfb046f00e12a2bdd1bafaed2408114a89ac414b0af8755c696eb3fc16",
                "sha256:acce4e3267610c4fdb6632b3886fe3f2f7dd641158a843cf6b6a68e4ce81477b",
                "sha256:be089bb6b83fac7f29d357b2dc4cf2b8eb8d98fe9d9ff89f9ea6012970a853c7",
                "sha256:bfab710d859c779f273cc48fb86af38d6e9210f38287df0069a63e40b45a2f5c",
                "sha256:c10d29019927301d524a22ced72706380de7cfc50f767217485a912b4c8bd82a",
                "sha256:dd6e2b598849b3d7aee2295ac765a578879830fb8966f70be8cd472e6069932e",
                "sha256:e408f1eacc0a68fed0c08da45f31d0ebb38079f043328dce69ff133b95c29dc1"
            ],
            "version": "==1.4.1"
        },
        "libusb1": {
            "hashes": [
                "sha256:88b26387c0ae5ea1d9410db1d57b9f8cbbf08e083e08e1cfaffb5fec74e230db"
            ],
            "index": "pypi",
            "version": "==1.5.0"
        },
        "logentries": {
            "editable": true,
            "git": "https://github.com/commaai/le_python.git",
            "ref": "5eef8f5be5929d33973e1b10e686fa0cdcd6792f"
        },
        "markupsafe": {
            "hashes": [
                "sha256:00bc623926325b26bb9605ae9eae8a215691f33cae5df11ca5424f06f2d1f473",
                "sha256:09027a7803a62ca78792ad89403b1b7a73a01c8cb65909cd876f7fcebd79b161",
                "sha256:09c4b7f37d6c648cb13f9230d847adf22f8171b1ccc4d5682398e77f40309235",
                "sha256:1027c282dad077d0bae18be6794e6b6b8c91d58ed8a8d89a89d59693b9131db5",
                "sha256:24982cc2533820871eba85ba648cd53d8623687ff11cbb805be4ff7b4c971aff",
                "sha256:29872e92839765e546828bb7754a68c418d927cd064fd4708fab9fe9c8bb116b",
                "sha256:43a55c2930bbc139570ac2452adf3d70cdbb3cfe5912c71cdce1c2c6bbd9c5d1",
                "sha256:46c99d2de99945ec5cb54f23c8cd5689f6d7177305ebff350a58ce5f8de1669e",
                "sha256:500d4957e52ddc3351cabf489e79c91c17f6e0899158447047588650b5e69183",
                "sha256:535f6fc4d397c1563d08b88e485c3496cf5784e927af890fb3c3aac7f933ec66",
                "sha256:62fe6c95e3ec8a7fad637b7f3d372c15ec1caa01ab47926cfdf7a75b40e0eac1",
                "sha256:6dd73240d2af64df90aa7c4e7481e23825ea70af4b4922f8ede5b9e35f78a3b1",
                "sha256:717ba8fe3ae9cc0006d7c451f0bb265ee07739daf76355d06366154ee68d221e",
                "sha256:79855e1c5b8da654cf486b830bd42c06e8780cea587384cf6545b7d9ac013a0b",
                "sha256:7c1699dfe0cf8ff607dbdcc1e9b9af1755371f92a68f706051cc8c37d447c905",
                "sha256:88e5fcfb52ee7b911e8bb6d6aa2fd21fbecc674eadd44118a9cc3863f938e735",
                "sha256:8defac2f2ccd6805ebf65f5eeb132adcf2ab57aa11fdf4c0dd5169a004710e7d",
                "sha256:98c7086708b163d425c67c7a91bad6e466bb99d797aa64f965e9d25c12111a5e",
                "sha256:9add70b36c5666a2ed02b43b335fe19002ee5235efd4b8a89bfcf9005bebac0d",
                "sha256:9bf40443012702a1d2070043cb6291650a0841ece432556f784f004937f0f32c",
                "sha256:ade5e387d2ad0d7ebf59146cc00c8044acbd863725f887353a10df825fc8ae21",
                "sha256:b00c1de48212e4cc9603895652c5c410df699856a2853135b3967591e4beebc2",
                "sha256:b1282f8c00509d99fef04d8ba936b156d419be841854fe901d8ae224c59f0be5",
                "sha256:b2051432115498d3562c084a49bba65d97cf251f5a331c64a12ee7e04dacc51b",
                "sha256:ba59edeaa2fc6114428f1637ffff42da1e311e29382d81b339c1817d37ec93c6",
                "sha256:c8716a48d94b06bb3b2524c2b77e055fb313aeb4ea620c8dd03a105574ba704f",
                "sha256:cd5df75523866410809ca100dc9681e301e3c27567cf498077e8551b6d20e42f",
                "sha256:e249096428b3ae81b08327a63a485ad0878de3fb939049038579ac0ef61e17e7"
            ],
            "version": "==1.1.1"
        },
        "mccabe": {
            "hashes": [
                "sha256:ab8a6258860da4b6677da4bd2fe5dc2c659cff31b3ee4f7f5d64e79735b80d42",
                "sha256:dd8d182285a0fe56bace7f45b5e7d1a6ebcbf524e8f3bd87eb0f125271b8831f"
            ],
            "version": "==0.6.1"
        },
        "mpmath": {
            "hashes": [
                "sha256:fc17abe05fbab3382b61a123c398508183406fa132e0223874578e20946499f6"
            ],
            "version": "==1.1.0"
        },
        "nose": {
            "hashes": [
                "sha256:9ff7c6cc443f8c51994b34a667bbcf45afd6d945be7477b52e97516fd17c53ac",
                "sha256:dadcddc0aefbf99eea214e0f1232b94f2fa9bd98fa8353711dacb112bfcbbb2a",
                "sha256:f1bffef9cbc82628f6e7d7b40d7e255aefaa1adb6a1b1d26c69a8b79e6208a98"
            ],
            "index": "pypi",
            "version": "==1.3.7"
        },
        "numpy": {
            "hashes": [
                "sha256:0c4c790b665e8760b8340bf9041fb64d3dba4f835490bb4a6e5c34705ac51309",
                "sha256:1a3190e190bd372847e10161bfa15265cfa769e1ca9bacb5011e39aa00255b8d",
                "sha256:1e42da46b60b5911dcc5cdf863c1383216a539421c79bab976dc0c4601f9afcd",
                "sha256:2296c5ef86e97955905cb2a65e137bebea5b36925a2611697dc860c9aebff854",
                "sha256:2b74b2b26fd13e108d3cf8608ea9eaaab510c10f684ce2ea2dc0daa70ced245c",
                "sha256:47cb4b107b709adb968622f311abd72b6e4f2c6eb0f0b58a1af7f329d8c4e767",
                "sha256:4e9c289b9d764d10353a224a5286dda3e0425b13b112719bdc3e9864ae648d79",
                "sha256:52f8839ab0fe7fcebb19dd2cef1ecca7f11a2f8b2644b379865bb4e547faf5d8",
                "sha256:5bb19b36b271c77d5882bb3f6b6cbd3ddb5865874b9a0264a66f55fcbd6ba12b",
                "sha256:8db5374435c071fa549fa1aa1abbb7b427be51ec79f27d913e2802813776893a",
                "sha256:8dd165395f2c9b46c96c83aa4903487da738716f7bc5a8a0a48112b61ec4cc4e",
                "sha256:96d6b2bcaf2b729f7102c58a3fb4f4817cf26633dcaf397c68c723b1275b8473",
                "sha256:a7e15ecbd6f33566f16c81a810654c75516058df9d2a63ecbc6981290ae4c420",
                "sha256:dc4082c43979cc856a2bf352a8297ea109ccb3244d783ae067eb2ee5b0d577cd",
                "sha256:e4769d57fc04b0b28a01c0993559747a478464fb5302fe15aed9ca58f1aa98b5",
                "sha256:ef9c10f3781f77d175ea324c60d7f5b683224936d7343131be7f32322570e72d",
                "sha256:f0a2834b78ccaa09cc3dd9d4595131d9756f08b6fcc362db8741ae44dc6734bd",
                "sha256:f116e06a0cfe4da5e46ca98a1662e290d7a83fb7f629612504b070c1e4320e41",
                "sha256:f98527e21787bf28b133960092c729ce00230d32a65dce9843a6df3100704740"
            ],
            "index": "pypi",
            "version": "==1.11.1"
        },
        "overpy": {
            "editable": true,
            "git": "https://github.com/commaai/python-overpy.git",
            "ref": "f86529af402d4642e1faeb146671c40284007323"
        },
        "psutil": {
            "hashes": [
                "sha256:0ff2b16e9045d01edb1dd10d7fbcc184012e37f6cd38029e959f2be9c6223f50",
                "sha256:254adb6a27c888f141d2a6032ae231d8ed4fc5f7583b4c825e5f7d7c78d26d2e",
                "sha256:319e12f6bae4d4d988fbff3bed792953fa3b44c791f085b0a1a230f755671ef7",
                "sha256:529ae235896efb99a6f77653a7138273ab701ec9f0343a1f5030945108dee3c4",
                "sha256:686e5a35fe4c0acc25f3466c32e716f2d498aaae7b7edc03e2305b682226bcf6",
                "sha256:6d981b4d863b20c8ceed98b8ac3d1ca7f96d28707a80845d360fa69c8fc2c44b",
                "sha256:7789885a72aa3075d28d028236eb3f2b84d908f81d38ad41769a6ddc2fd81b7c",
                "sha256:7f4616bcb44a6afda930cfc40215e5e9fa7c6896e683b287c771c937712fbe2f",
                "sha256:7fdb3d02bfd68f508e6745021311a4a4dbfec53fca03721474e985f310e249ba",
                "sha256:a9b85b335b40a528a8e2a6b549592138de8429c6296e7361892958956e6a73cf",
                "sha256:dc85fad15ef98103ecc047a0d81b55bbf5fe1b03313b96e883acc2e2fa87ed5c"
            ],
            "index": "pypi",
            "version": "==5.4.6"
        },
        "py": {
            "hashes": [
                "sha256:64f65755aee5b381cea27766a3a147c3f15b9b6b9ac88676de66ba2ae36793fa",
                "sha256:dc639b046a6e2cff5bbe40194ad65936d6ba360b52b3c3fe1d08a82dd50b5e53"
            ],
            "version": "==1.8.0"
        },
        "pyasn1": {
            "hashes": [
                "sha256:da2420fe13a9452d8ae97a0e478adde1dee153b11ba832a95b223a2ba01c10f7",
                "sha256:da6b43a8c9ae93bc80e2739efb38cc776ba74a886e3e9318d65fe81a8b8a2c6e"
            ],
            "version": "==0.4.5"
        },
        "pyasn1-modules": {
            "hashes": [
                "sha256:ef721f68f7951fab9b0404d42590f479e30d9005daccb1699b0a51bb4177db96",
                "sha256:f309b6c94724aeaf7ca583feb1cc70430e10d7551de5e36edfc1ae6909bcfb3c"
            ],
            "version": "==0.2.5"
        },
        "pycapnp": {
            "hashes": [
                "sha256:b3c5a1fcc93fd02fdc070aeccb89654b87f20bdc740f643cc6378925ed6d4c17"
            ],
            "index": "pypi",
            "version": "==0.6.3"
        },
        "pycparser": {
            "hashes": [
                "sha256:a988718abfad80b6b157acce7bf130a30876d27603738ac39f140993246b25b3"
            ],
            "version": "==2.19"
        },
        "pycryptodome": {
            "hashes": [
                "sha256:02838a7184803c05710ccb4f3c9129fe26b2634f04daf017a3490d8be5f55b62",
                "sha256:04b710f55141c06388aa60d6d4a1d704b79f25b03fa9e61b0b1b9fcf0766e2ea",
                "sha256:0c54852415567fc53b656b528612d3f8084c127086c38370a2985fbac4892298",
                "sha256:0e59d4e06b0cdb57132387144051101eaa9bbde447b62db9660345d247212ff9",
                "sha256:134479b4f4743402e7e8740f1bf3d779efd95b467c2535c600332b55d0b34686",
                "sha256:1961a6cbd30926a812809efd0f17bd677f54857ac5fd0b0e2638ad4891407dd0",
                "sha256:1e8f2d1b97578f0950a46128cca8b2dc44f224c4c08309a66ca53c4a33839fdd",
                "sha256:213d360d5e145a2ff4d9d90afab9e2b2d99174114aa4b4c04888937730c7ef57",
                "sha256:24dc9a6bc59d4e4fb182197327db1e92e15c598729889132195b420dbcc48468",
                "sha256:3c24117d7fc65f5e299550abd7fa5c612813d0891b4db36d8b8cd02442674306",
                "sha256:432b19da6106785825cbcaea50a8c3846ec9cd4678702f89e02985d27a73a314",
                "sha256:5897e1e336c30274279f23a0f1ea81fdb43c51b514d6ac0f376ff835f420a33e",
                "sha256:68ad0ce4a374577a26bb7f458575abe3c2a342818b5280de6e5738870b7761b3",
                "sha256:68e50aa3230841dc296004e084ceb74225c92da951cff808122242af8a735501",
                "sha256:74bd385d89aca3f8860d56caadead5dcb9e1abdf5774739c4aa9fe3cf56bb34f",
                "sha256:783cffd29fb0dbf6498bd225c1b7194f8372258166c7585fb777075226b04b64",
                "sha256:933750922193899d5601404c0d0637c4da12593ac2c54a16ba841b8afef44c9b",
                "sha256:9871164f10b7bc87b88559b66e632528e766fcd0a84324a803860883b51f4c87",
                "sha256:99a2f931e1bf87c95e465bc74ef0276ce735f1def575d52b67e117f712a63243",
                "sha256:a53be389125c79728658bf42bf711a277c8ac1b3690d26303bb8b0a9217d8cb9",
                "sha256:a68e85d19a870d8f54d7d78fbdefac640bb694aca216223b5987456cdf4d50ff",
                "sha256:ae4070cfa271f78e9f74cde4f6b8c3869facfa4749b96e9bc7fbd1959d75f167",
                "sha256:b3d3215c5a3392a6c1f537d38c13e014d93f9b33277048f06c7ede4c6926b8bd",
                "sha256:df1d5540021b79230cfe8f80bb1f13ee1a626eab10161a26784b78c122c845db",
                "sha256:dfdca3079aac696a25edb9a0b59595b9b776426f61587bf5a974596da217834e",
                "sha256:e874188bb9c274de2dcc0995e885f15732fd0a43c7ef581eff54eef2b11d83c7",
                "sha256:e9ff57287d899d2c4e17e523ac46d1e90902f3b36a81f0e6817238ff0219597f",
                "sha256:ecb7718fc0087a67023fb4a78dd8ebb883d66c49f0465ad656b3213bb1841631"
            ],
            "index": "pypi",
            "version": "==3.8.1"
        },
        "pyflakes": {
            "hashes": [
                "sha256:08bd6a50edf8cffa9fa09a463063c425ecaaf10d1eb0335a7e8b1401aef89e6f",
                "sha256:8d616a382f243dbf19b54743f280b80198be0bca3a5396f1d2e1fca6223e8805"
            ],
            "index": "pypi",
            "version": "==1.6.0"
        },
        "pylint": {
            "hashes": [
                "sha256:34ab1a62fbdd48059d082f5a52b7e719a39b757a53ecbf0b2b7169b9c6a2cc28",
                "sha256:c77311859e0c2d7932095f30d2b1bfdc4b6fe111f534450ba727a52eae330ef2"
            ],
            "index": "pypi",
            "version": "==1.8.3"
        },
        "pyopenssl": {
            "hashes": [
                "sha256:aeca66338f6de19d1aa46ed634c3b9ae519a64b458f8468aec688e7e3c20f200",
                "sha256:c727930ad54b10fc157015014b666f2d8b41f70c0d03e83ab67624fd3dd5d1e6"
            ],
            "version": "==19.0.0"
        },
        "pyparsing": {
            "hashes": [
                "sha256:0aa6e8d8c3f9c447a95a33bb04b103ead630121c3f4233e2980348cecf8b69c8",
                "sha256:67101d7acee692962f33dd30b5dce079ff532dd9aa99ff48d52a3dad51d2fe84",
                "sha256:811c3e7b0031021137fc83e051795025fcb98674d07eb8fe922ba4de53d39188"
            ],
            "index": "pypi",
            "version": "==2.1.10"
        },
        "pyproj": {
            "hashes": [
                "sha256:53fa54c8fa8a1dfcd6af4bf09ce1aae5d4d949da63b90570ac5ec849efaf3ea8"
            ],
            "index": "pypi",
            "version": "==1.9.5.1"
        },
        "pyserial": {
            "hashes": [
                "sha256:b4fcd6a7d329c844781df80fb06a4a9e21f3ac5623a687a975cbce8a8e4a82d2",
                "sha256:d657051249ce3cbd0446bcfb2be07a435e1029da4d63f53ed9b4cdde7373364c"
            ],
            "index": "pypi",
            "version": "==3.1.1"
        },
        "pytest": {
            "hashes": [
                "sha256:12c18abb9a09a5b2802dba75c7a2d7d6c8c0f1258abd8243e7688415d87ad1d8",
                "sha256:ccc23b4aab3ef3e19e731de9baca73f3b1a7e610d9ec65b28c36a5a3305f0349"
            ],
            "index": "pypi",
            "version": "==2.9.2"
        },
        "python-dateutil": {
            "hashes": [
                "sha256:3acbef017340600e9ff8f2994d8f7afd6eacb295383f286466a6df3961e486f0",
                "sha256:537bf2a8f8ce6f6862ad705cd68f9e405c0b5db014aa40fa29eab4335d4b1716",
                "sha256:62a2f8df3d66f878373fd0072eacf4ee52194ba302e00082828e0d263b0418d2"
            ],
            "index": "pypi",
            "version": "==2.6.0"
        },
        "pytz": {
            "hashes": [
                "sha256:7016b2c4fa075c564b81c37a252a5fccf60d8964aa31b7f5eae59aeb594ae02b",
                "sha256:9a43e20aa537cfad8fe7a1715165c91cb4a6935d40947f2d070e4c80f2dcd22b",
                "sha256:a1ea35e87a63c7825846d5b5c81d23d668e8a102d3b1b465ce95afe1b3a2e065",
                "sha256:aafbf066975fe217ed49d7d197b26903d3b43e9ca2aa6ba0a211081f13c41917"
            ],
            "index": "pypi",
            "version": "==2016.10"
        },
        "pyyaml": {
            "hashes": [
                "sha256:16b20e970597e051997d90dc2cddc713a2876c47e3d92d59ee198700c5427736",
                "sha256:3262c96a1ca437e7e4763e2843746588a965426550f3797a79fca9c6199c431f",
                "sha256:592766c6303207a20efc445587778322d7f73b161bd994f227adaa341ba212ab",
                "sha256:5ac82e411044fb129bae5cfbeb3ba626acb2af31a8d17d175004b70862a741a7",
                "sha256:827dc04b8fa7d07c44de11fabbc888e627fa8293b695e0f99cb544fdfa1bf0d1",
                "sha256:bc6bced57f826ca7cb5125a10b23fd0f2fff3b7c4701d64c439a300ce665fff8",
                "sha256:c01b880ec30b5a6e6aa67b09a2fe3fb30473008c85cd6a67359a1b15ed6d83a4",
                "sha256:e863072cdf4c72eebf179342c94e6989c67185842d9997960b3e69290b2fa269"
            ],
            "index": "pypi",
            "version": "==3.12"
        },
        "pyzmq": {
            "hashes": [
                "sha256:0ce70a4dc128e4cc7f76c2582475bb11fcd7754727dbb2bacc300a387c08e399",
                "sha256:0f60a4790974ac1a36455bea09314bfb4ab0b5a552761b9a12de3e76f3bc7d17",
                "sha256:167b9c5dd79320664495a5ff2658ed324cff39df052b5ba3daea59e723418ba0",
                "sha256:5bfd83e3b38b22f9fb4b3403051a4eec35d1a45bfc8f3b54cb7c81a26ca2fd41",
                "sha256:60d8467a5872023e5ea82b90b6a18a91df48c5810756e4246901561c6fffb4b1",
                "sha256:72967464282ecff1abaf67923dcbfb4a02541b5b7a710620f35aa5ea9fb1b4db",
                "sha256:859dff7e6f3c43f1c6c8b03d6a419ab02cc05f9a0d0a16b1a11ab5aa19563dd3",
                "sha256:9ac353137965349f7a8a65600985cc30ed6cf19b9a5ef1dae04a2c184bef2cb9",
                "sha256:9d1d69da7ee78dce8721a1617c7938ded1cd1df76a6c1abf19acebb1a5ccc2bf",
                "sha256:bbf6c1d798bc22f524d26f80c2bf4c1c07a4b9cc97571e3bdf3f7ad69d715e7b",
                "sha256:bd54eeb09388eb81c6e28384d88fe59f376e64baf2410c4222319efd4470478f",
                "sha256:c428125e8137ee93458c313ed8fbea6b35d6976ef2a7dcd90303898180dbe67e",
                "sha256:c8541c4ad9ad5a8d2096055b732862a602dd461d68aa5db69a4564cca603da46",
                "sha256:c8684a502d1e5efa50199b35f54d5afee7dd7b69d64e065fba0b2d701edfc45f",
                "sha256:cf1d9f736821cc3753c6af858097a928f4beb80d8461ca9620826ffd19c3e26f",
                "sha256:d0d30705c172173893ba83a9cc83a47d70152e264dc54cf3b27074b8bf565c32",
                "sha256:d2d35d0f9ec40cf65b9b5b69a11e39be33d8f4ee9d2625a9f58a49469f2ba54d",
                "sha256:e37c65f38c3033d8c530f03bf612b6e5a655cf5aeba3a4ca6f46d035a509aec7",
                "sha256:fd7f98df23b3c98ccfbd878083f3ac64cbfedd5784381e851eb2a67bbca8592a"
            ],
            "index": "pypi",
            "version": "==15.4.0"
        },
        "raven": {
            "hashes": [
                "sha256:603ce4e2f9b7032587192ccc836e099c4a2b39fec55807cd94fc4e0a74676c0e",
                "sha256:aa97f795c40490a03367a27ced8ab65c2d22b3f9955c3b29ea833e4683d73887"
            ],
            "index": "pypi",
            "version": "==5.23.0"
        },
        "recordclass": {
            "hashes": [
                "sha256:0910a146b9be3aefe918097f619421202c405ac1e6f1aa8e4fe3dfbd08ea0eb0",
                "sha256:1e65fb5a04bde6f712d985e2bad39c7d0322f1e600fc6540519e90e2f06685c8",
                "sha256:2eb14dbe67830aaca75232e90c912682ac8a583d0cd9cdba9cdc77e8245a756e",
                "sha256:3e30b24981ac7ecf4188b28448591b5a72569d000d3a68cfd62ad382a976c01c",
                "sha256:47de7ff65257441764125106bbfa26b9279a61f2498b69bd1fbec6f2c14cafe0",
                "sha256:4ff717fd3dc074e0959edfff413800abb5f2a5f38c1dee12f2b4dc6b17b9936c",
                "sha256:73a51ce02c13821a2282234faab1f6416319a8545b74bd9f3437dfedec5a5c9c",
                "sha256:83c19e0e3e60299f89003e8bb94cf735ea5a9753d8fac707e07265651969e806",
                "sha256:b1756fb2780495135a7b302ee0629de9212f35577d7304ee3066b69a8dfb11db",
                "sha256:d127a92c312c6afb590061e4fe2ea17edc302e7db9d811a190364b46e60c1d92",
                "sha256:db52fe39c2bf94d626babd0d185874dd2d0a8a5e62dbc6cbf3d563d1e0c3c55a",
                "sha256:f29ce6a14f4ac9daef94ecc0844ba7ea0972387a41179162c3d18653bec96dca",
                "sha256:f6b39599e70d3571a66f58087f49f169785eef1a07dccb34e12f0f4f811f3d9e"
            ],
            "index": "pypi",
            "version": "==0.4.1"
        },
        "requests": {
            "hashes": [
                "sha256:09bc1b5f3a56cd8c48d433213a8cba51a67d12936568f73b5f1793fcb0c0979e",
                "sha256:63f1815788157130cee16a933b2ee184038e975f0017306d723ac326b5525b54"
            ],
            "index": "pypi",
            "version": "==2.10.0"
        },
        "service-identity": {
            "hashes": [
                "sha256:0630e222f59f91f3db498be46b1d879ff220955d7bbad719a5cb9ad14e3c3036",
                "sha256:5c63e1532135f7171cb33e8b2f31c758c3ce0654e6eb198573e23d01128678d4"
            ],
            "index": "pypi",
            "version": "==16.0.0"
        },
        "setproctitle": {
            "hashes": [
                "sha256:6283b7a58477dd8478fbb9e76defb37968ee4ba47b05ec1c053cb39638bd7398",
                "sha256:6a035eddac62898786aed2c2eee7334c28cfc8106e8eb29fdd117cac56c6cdf0"
            ],
            "index": "pypi",
            "version": "==1.1.10"
        },
        "singledispatch": {
            "hashes": [
                "sha256:5b06af87df13818d14f08a028e42f566640aef80805c3b50c5056b086e3c2b9c",
                "sha256:833b46966687b3de7f438c761ac475213e53b306740f1abfaa86e1d1aae56aa8"
            ],
            "markers": "python_version < '3.4'",
            "version": "==3.4.0.3"
        },
        "six": {
            "hashes": [
                "sha256:0ff78c403d9bccf5a425a6d31a12aa6b47f1c21ca4dc2573a7e2f32a97335eb1",
                "sha256:105f8d68616f8248e24bf0e9372ef04d3cc10104f1980f54d57b2ce73a5ad56a"
            ],
            "index": "pypi",
            "version": "==1.10.0"
        },
        "smbus-cffi": {
            "hashes": [
                "sha256:fb4195aaabfc01586863f60d3190b5cb1bf8f12622fd597e23e48768dad6bde8"
            ],
            "index": "pypi",
            "version": "==0.5.1"
        },
        "smbus2": {
            "hashes": [
                "sha256:f0b17997e5a0886ca0d5b0d91d0452de68c282f31bdda8aaae1ca80d1531b2f0"
            ],
            "index": "pypi",
            "version": "==0.2.0"
        },
        "sympy": {
            "hashes": [
                "sha256:ac5b57691bc43919dcc21167660a57cc51797c28a4301a6144eff07b751216a4"
            ],
            "index": "pypi",
            "version": "==1.1.1"
        },
        "tqdm": {
            "hashes": [
                "sha256:22c760d05b2eb6e96a91ad7ed1b03c9c97e6256fb7716410c27c2cb3265a5913",
                "sha256:d7bfa112a55290a5e2d0c3263a09b17b24240686fbf20d1ef7c5e8edfbb71ad0"
            ],
            "index": "pypi",
            "version": "==4.23.1"
        },
        "urllib3": {
            "hashes": [
                "sha256:b246607a25ac80bedac05c6f282e3cdaf3afb65420fd024ac94435cabe6e18d1",
                "sha256:dbe59173209418ae49d485b87d1681aefa36252ee85884c31346debd19463232"
            ],
            "index": "pypi",
            "version": "==1.25.3"
        },
        "websocket-client": {
            "hashes": [
                "sha256:47a3ddf3ee7ecd4e2f81610bcdc7f44d5dd03b602b911d4ce991cd82310d3f3b",
                "sha256:f6029deea21218f2c771848935aa26c15699c831770f4fa66958bdaabff80ca0"
            ],
            "index": "pypi",
            "version": "==0.55.0"
        },
        "werkzeug": {
            "hashes": [
                "sha256:865856ebb55c4dcd0630cdd8f3331a1847a819dda7e8c750d3db6f2aa6c0209c",
                "sha256:a0b915f0815982fb2a09161cb8f31708052d0951c3ba433ccc5e1aa276507ca6"
            ],
            "version": "==0.15.4"
        },
        "wrapt": {
            "hashes": [
                "sha256:4aea003270831cceb8a90ff27c4031da6ead7ec1886023b80ce0dfe0adf61533"
            ],
            "version": "==1.11.1"
        }
    },
    "develop": {}
}
